<?xml version="1.0" encoding="utf-8"?>
<Project ToolsVersion="4.0" xmlns="http://schemas.microsoft.com/developer/msbuild/2003">
  <ItemGroup>
    <Filter Include="Source Files">
      <UniqueIdentifier>{4FC737F1-C7A5-4376-A066-2A32D752A2FF}</UniqueIdentifier>
      <Extensions>cpp;c;cc;cxx;def;odl;idl;hpj;bat;asm;asmx</Extensions>
    </Filter>
    <Filter Include="Header Files">
      <UniqueIdentifier>{93995380-89BD-4b04-88EB-625FBE52EBFB}</UniqueIdentifier>
      <Extensions>h;hh;hpp;hxx;hm;inl;inc;xsd</Extensions>
    </Filter>
    <Filter Include="Resource Files">
      <UniqueIdentifier>{67DA6AB6-F800-4c08-8B7A-83BB121AAD01}</UniqueIdentifier>
      <Extensions>rc;ico;cur;bmp;dlg;rc2;rct;bin;rgs;gif;jpg;jpeg;jpe;resx;tiff;tif;png;wav;mfcribbon-ms</Extensions>
    </Filter>
  </ItemGroup>
  <ItemGroup>
    <None Include="asmcode.s">
      <Filter>Source Files</Filter>
    </None>
  </ItemGroup>
  <ItemGroup>
    <ClCompile Include="libc.c">
      <Filter>Source Files</Filter>
    </ClCompile>
    <ClCompile Include="main.c">
      <Filter>Source Files</Filter>
    </ClCompile>
    <ClCompile Include="printf.c">
      <Filter>Source Files</Filter>
    </ClCompile>
    <ClCompile Include="ps3mapi_ps3_lib.c">
      <Filter>Source Files</Filter>
    </ClCompile>
    <ClCompile Include="mem.c">
      <Filter>Source Files</Filter>
    </ClCompile>
    <ClCompile Include="misc.c">
      <Filter>Source Files</Filter>
    </ClCompile>
  </ItemGroup>
  <ItemGroup>
    <ClInclude Include="assembly.h">
      <Filter>Header Files</Filter>
    </ClInclude>
    <ClInclude Include="common.h">
      <Filter>Header Files</Filter>
    </ClInclude>
    <ClInclude Include="printf.h">
      <Filter>Header Files</Filter>
    </ClInclude>
    <ClInclude Include="ps3mapi_ps3_lib.h">
      <Filter>Header Files</Filter>
    </ClInclude>
    <ClInclude Include="types.h">
      <Filter>Header Files</Filter>
    </ClInclude>
    <ClInclude Include="inc\allocator.h">
      <Filter>Header Files</Filter>
    </ClInclude>
    <ClInclude Include="inc\esecron.h">
      <Filter>Header Files</Filter>
    </ClInclude>
    <ClInclude Include="inc\game_plugin.h">
      <Filter>Header Files</Filter>
    </ClInclude>
    <ClInclude Include="inc\libcrashdump_system.h">
      <Filter>Header Files</Filter>
    </ClInclude>
    <ClInclude Include="inc\paf.h">
      <Filter>Header Files</Filter>
    </ClInclude>
    <ClInclude Include="inc\pngdec_ppuonly.h">
      <Filter>Header Files</Filter>
    </ClInclude>
    <ClInclude Include="inc\rec_plugin.h">
      <Filter>Header Files</Filter>
    </ClInclude>
    <ClInclude Include="inc\sdk.h">
      <Filter>Header Files</Filter>
    </ClInclude>
    <ClInclude Include="inc\stdc.h">
      <Filter>Header Files</Filter>
    </ClInclude>
    <ClInclude Include="inc\sys_io.h">
      <Filter>Header Files</Filter>
    </ClInclude>
    <ClInclude Include="inc\sys_prx_for_user.h">
      <Filter>Header Files</Filter>
    </ClInclude>
    <ClInclude Include="inc\vsh.h">
      <Filter>Header Files</Filter>
    </ClInclude>
    <ClInclude Include="inc\vsh_exports.h">
      <Filter>Header Files</Filter>
    </ClInclude>
    <ClInclude Include="inc\vshmain.h">
      <Filter>Header Files</Filter>
    </ClInclude>
    <ClInclude Include="inc\vshtask.h">
      <Filter>Header Files</Filter>
    </ClInclude>
    <ClInclude Include="inc\xregistry.h">
      <Filter>Header Files</Filter>
    </ClInclude>
    <ClInclude Include="inc\xsetting.h">
      <Filter>Header Files</Filter>
    </ClInclude>
    <ClInclude Include="mem.h">
      <Filter>Header Files</Filter>
    </ClInclude>
  </ItemGroup>
</Project>