<?xml version="1.0" encoding="utf-8"?>
<Project ToolsVersion="4.0" xmlns="http://schemas.microsoft.com/developer/msbuild/2003">
  <ItemGroup>
    <Filter Include="Source Files">
      <UniqueIdentifier>{4FC737F1-C7A5-4376-A066-2A32D752A2FF}</UniqueIdentifier>
      <Extensions>cpp;c;cc;cxx;def;odl;idl;hpj;bat;asm;asmx</Extensions>
    </Filter>
    <Filter Include="Header Files">
      <UniqueIdentifier>{93995380-89BD-4b04-88EB-625FBE52EBFB}</UniqueIdentifier>
      <Extensions>h;hh;hpp;hxx;hm;inl;inc;xsd</Extensions>
    </Filter>
    <Filter Include="Resource Files">
      <UniqueIdentifier>{67DA6AB6-F800-4c08-8B7A-83BB121AAD01}</UniqueIdentifier>
      <Extensions>rc;ico;cur;bmp;dlg;rc2;rct;bin;rgs;gif;jpg;jpeg;jpe;resx;tiff;tif;png;wav;mfcribbon-ms</Extensions>
    </Filter>
  </ItemGroup>
  <ItemGroup>
    <ClCompile Include="src\codes.c">
      <Filter>Source Files</Filter>
    </ClCompile>
    <ClCompile Include="src\common.c">
      <Filter>Source Files</Filter>
    </ClCompile>
    <ClCompile Include="src\lv2_utils.c">
      <Filter>Source Files</Filter>
    </ClCompile>
    <ClCompile Include="src\main.c">
      <Filter>Source Files</Filter>
    </ClCompile>
    <ClCompile Include="src\mamba_prx_loader.c">
      <Filter>Source Files</Filter>
    </ClCompile>
    <ClCompile Include="src\menu_about.c">
      <Filter>Source Files</Filter>
    </ClCompile>
    <ClCompile Include="src\menu_cheats.c">
      <Filter>Source Files</Filter>
    </ClCompile>
    <ClCompile Include="src\menu_options.c">
      <Filter>Source Files</Filter>
    </ClCompile>
    <ClCompile Include="libfont\source\libfont.c">
      <Filter>Source Files</Filter>
    </ClCompile>
  </ItemGroup>
  <ItemGroup>
    <ClInclude Include="include\codes.h">
      <Filter>Header Files</Filter>
    </ClInclude>
    <ClInclude Include="include\common.h">
      <Filter>Header Files</Filter>
    </ClInclude>
    <ClInclude Include="include\lv2_utils.h">
      <Filter>Header Files</Filter>
    </ClInclude>
    <ClInclude Include="include\mamba_prx_loader.h">
      <Filter>Header Files</Filter>
    </ClInclude>
    <ClInclude Include="include\menu_about.h">
      <Filter>Header Files</Filter>
    </ClInclude>
    <ClInclude Include="include\menu_cheats.h">
      <Filter>Header Files</Filter>
    </ClInclude>
    <ClInclude Include="include\menu_options.h">
      <Filter>Header Files</Filter>
    </ClInclude>
    <ClInclude Include="include\ps3mapi_ps3_lib.h">
      <Filter>Header Files</Filter>
    </ClInclude>
    <ClInclude Include="include\menu.h">
      <Filter>Header Files</Filter>
    </ClInclude>
    <ClInclude Include="libfont\include\libfont.h">
      <Filter>Header Files</Filter>
    </ClInclude>
  </ItemGroup>
  <ItemGroup>
    <None Include="makefile" />
    <None Include="data\background_music_mp3.bin">
      <Filter>Resource Files</Filter>
    </None>
    <None Include="data\spu_soundmodule.bin">
      <Filter>Resource Files</Filter>
    </None>
  </ItemGroup>
  <ItemGroup>
    <Xml Include="sfo.xml" />
  </ItemGroup>
  <ItemGroup>
    <Image Include="data\titlescr_logo.png">
      <Filter>Resource Files</Filter>
    </Image>
    <Image Include="data\bgimg.png">
      <Filter>Resource Files</Filter>
    </Image>
    <Image Include="data\cheat.png">
      <Filter>Resource Files</Filter>
    </Image>
    <Image Include="data\circle_error_dark.png">
      <Filter>Resource Files</Filter>
    </Image>
    <Image Include="data\circle_error_light.png">
      <Filter>Resource Files</Filter>
    </Image>
    <Image Include="data\circle_loading_bg.png">
      <Filter>Resource Files</Filter>
    </Image>
    <Image Include="data\circle_loading_seek.png">
      <Filter>Resource Files</Filter>
    </Image>
    <Image Include="data\edit_ico_add.png">
      <Filter>Resource Files</Filter>
    </Image>
    <Image Include="data\edit_ico_del.png">
      <Filter>Resource Files</Filter>
    </Image>
    <Image Include="data\edit_shadow.png">
      <Filter>Resource Files</Filter>
    </Image>
    <Image Include="data\footer_ico_circle.png">
      <Filter>Resource Files</Filter>
    </Image>
    <Image Include="data\footer_ico_cross.png">
      <Filter>Resource Files</Filter>
    </Image>
    <Image Include="data\footer_ico_lt.png">
      <Filter>Resource Files</Filter>
    </Image>
    <Image Include="data\footer_ico_rt.png">
      <Filter>Resource Files</Filter>
    </Image>
    <Image Include="data\footer_ico_square.png">
      <Filter>Resource Files</Filter>
    </Image>
    <Image Include="data\footer_ico_triangle.png">
      <Filter>Resource Files</Filter>
    </Image>
    <Image Include="data\header_dot.png">
      <Filter>Resource Files</Filter>
    </Image>
    <Image Include="data\header_ico_abt.png">
      <Filter>Resource Files</Filter>
    </Image>
    <Image Include="data\header_ico_cht.png">
      <Filter>Resource Files</Filter>
    </Image>
    <Image Include="data\header_ico_opt.png">
      <Filter>Resource Files</Filter>
    </Image>
    <Image Include="data\header_ico_xmb.png">
      <Filter>Resource Files</Filter>
    </Image>
    <Image Include="data\header_line.png">
      <Filter>Resource Files</Filter>
    </Image>
    <Image Include="data\help.png">
      <Filter>Resource Files</Filter>
    </Image>
    <Image Include="data\mark_arrow.png">
      <Filter>Resource Files</Filter>
    </Image>
    <Image Include="data\mark_line.png">
      <Filter>Resource Files</Filter>
    </Image>
    <Image Include="data\opt_off.png">
      <Filter>Resource Files</Filter>
    </Image>
    <Image Include="data\opt_on.png">
      <Filter>Resource Files</Filter>
    </Image>
    <Image Include="data\scroll_bg.png">
      <Filter>Resource Files</Filter>
    </Image>
    <Image Include="data\scroll_lock.png">
      <Filter>Resource Files</Filter>
    </Image>
    <Image Include="data\titlescr_ico_abt.png">
      <Filter>Resource Files</Filter>
    </Image>
    <Image Include="data\titlescr_ico_cht.png">
      <Filter>Resource Files</Filter>
    </Image>
    <Image Include="data\titlescr_ico_opt.png">
      <Filter>Resource Files</Filter>
    </Image>
    <Image Include="data\titlescr_ico_xmb.png">
      <Filter>Resource Files</Filter>
    </Image>
  </ItemGroup>
  <ItemGroup>
    <Text Include="data\berion.txt">
      <Filter>Resource Files</Filter>
    </Text>
  </ItemGroup>
  <ItemGroup>
    <Font Include="data\comfortaa_bold.ttf">
      <Filter>Resource Files</Filter>
    </Font>
    <Font Include="data\comfortaa_light.ttf">
      <Filter>Resource Files</Filter>
    </Font>
    <Font Include="data\comfortaa_regular.ttf">
      <Filter>Resource Files</Filter>
    </Font>
  </ItemGroup>
</Project>